{
  "name": "example",
  "version": "1.0.0",
  "lockfileVersion": 1,
  "requires": true,
  "dependencies": {
    "bmue": {
      "version": "file:../../packages/bmue",
      "requires": {
        "lodash.isequal": "^4.5.0"
      },
      "dependencies": {
        "lodash.isequal": {
          "version": "4.5.0",
          "bundled": true
        }
      }
    }
  }
}
